// !$*UTF8*$!
{
	archiveVersion = 1;
	classes = {
	};
	objectVersion = 46;
	objects = {

/* Begin PBXBuildFile section */
		330CB86A1E83B2510098664D /* UIView+Tracking.m in Sources */ = {isa = PBXBuildFile; fileRef = 330CB8691E83B2510098664D /* UIView+Tracking.m */; };
		330CB86D1E83B50F0098664D /* SwizzlingView.m in Sources */ = {isa = PBXBuildFile; fileRef = 330CB86C1E83B50F0098664D /* SwizzlingView.m */; };
		332204C21E1E3D6A00A40248 /* GTMBase64.m in Sources */ = {isa = PBXBuildFile; fileRef = 332204BD1E1E3D6A00A40248 /* GTMBase64.m */; settings = {COMPILER_FLAGS = "-fno-objc-arc"; }; };
		332204C71E1E3F7800A40248 /* AESRSA128Controller.m in Sources */ = {isa = PBXBuildFile; fileRef = 332204C51E1E3F7800A40248 /* AESRSA128Controller.m */; };
		332204C81E1E3F7800A40248 /* AESRSA128Controller.xib in Resources */ = {isa = PBXBuildFile; fileRef = 332204C61E1E3F7800A40248 /* AESRSA128Controller.xib */; };
		33318E381E84EFAD00270478 /* UIViewController+Swizzling.m in Sources */ = {isa = PBXBuildFile; fileRef = 33318E371E84EFAD00270478 /* UIViewController+Swizzling.m */; };
		33318E3B1E84F4AD00270478 /* BaseViewController.m in Sources */ = {isa = PBXBuildFile; fileRef = 33318E3A1E84F4AD00270478 /* BaseViewController.m */; };
		3338D2F11E4C67F500117E4D /* LeakInspectorViewController.m in Sources */ = {isa = PBXBuildFile; fileRef = 3338D2F01E4C67F500117E4D /* LeakInspectorViewController.m */; };
		3338D2F61E4C68ED00117E4D /* InspectorContainerView.m in Sources */ = {isa = PBXBuildFile; fileRef = 3338D2F51E4C68ED00117E4D /* InspectorContainerView.m */; };
		3338D2F91E4C6B9E00117E4D /* LeakFirstView.m in Sources */ = {isa = PBXBuildFile; fileRef = 3338D2F81E4C6B9E00117E4D /* LeakFirstView.m */; };
		3338D2FC1E4C6BBD00117E4D /* LeakSecondView.m in Sources */ = {isa = PBXBuildFile; fileRef = 3338D2FB1E4C6BBD00117E4D /* LeakSecondView.m */; };
		3338D2FF1E4C6D6900117E4D /* LeakThirdView.m in Sources */ = {isa = PBXBuildFile; fileRef = 3338D2FE1E4C6D6900117E4D /* LeakThirdView.m */; };
		3338D3021E4C6F0300117E4D /* LeakFourView.m in Sources */ = {isa = PBXBuildFile; fileRef = 3338D3011E4C6F0300117E4D /* LeakFourView.m */; };
		333A23281EEA9A88007C92EF /* IncomeRateCalculatorController.swift in Sources */ = {isa = PBXBuildFile; fileRef = 333A23271EEA9A88007C92EF /* IncomeRateCalculatorController.swift */; };
		33403F341E4D5EFE00B48DFB /* SwizzlingViewController.m in Sources */ = {isa = PBXBuildFile; fileRef = 33403F331E4D5EFE00B48DFB /* SwizzlingViewController.m */; };
		33403F371E4D5F8800B48DFB /* UIViewController+Tracking.m in Sources */ = {isa = PBXBuildFile; fileRef = 33403F361E4D5F8800B48DFB /* UIViewController+Tracking.m */; };
		33403F3A1E4D5FEF00B48DFB /* SwizzlingSonViewController.m in Sources */ = {isa = PBXBuildFile; fileRef = 33403F391E4D5FEF00B48DFB /* SwizzlingSonViewController.m */; };
		3342EFD61E1E72620070FA08 /* AES128Util.m in Sources */ = {isa = PBXBuildFile; fileRef = 3342EFD51E1E72620070FA08 /* AES128Util.m */; settings = {COMPILER_FLAGS = "-fno-objc-arc"; }; };
		3342EFDB1E1E743B0070FA08 /* public_key.der in Resources */ = {isa = PBXBuildFile; fileRef = 3342EFD81E1E743B0070FA08 /* public_key.der */; };
		3342EFDC1E1E743B0070FA08 /* RSAEncryptor.m in Sources */ = {isa = PBXBuildFile; fileRef = 3342EFDA1E1E743B0070FA08 /* RSAEncryptor.m */; };
		3342EFDE1E1E7BA90070FA08 /* rsa_public_key.der in Resources */ = {isa = PBXBuildFile; fileRef = 3342EFDD1E1E7BA90070FA08 /* rsa_public_key.der */; };
		3342EFE01E1E7D2E0070FA08 /* rsa_private_key.pem in Resources */ = {isa = PBXBuildFile; fileRef = 3342EFDF1E1E7D2E0070FA08 /* rsa_private_key.pem */; };
		334A9B461E14D736008969E4 /* TestOfBundleController.m in Sources */ = {isa = PBXBuildFile; fileRef = 334A9B441E14D736008969E4 /* TestOfBundleController.m */; };
		334A9B471E14D736008969E4 /* TestOfBundleController.xib in Resources */ = {isa = PBXBuildFile; fileRef = 334A9B451E14D736008969E4 /* TestOfBundleController.xib */; };
		334A9B491E14D77A008969E4 /* image.bundle in Resources */ = {isa = PBXBuildFile; fileRef = 334A9B481E14D77A008969E4 /* image.bundle */; };
		334AA5C31D45AF0A00549690 /* CABaseViewController.m in Sources */ = {isa = PBXBuildFile; fileRef = 334AA5C11D45AF0A00549690 /* CABaseViewController.m */; };
		334AA5C41D45AF0A00549690 /* CABaseViewController.xib in Resources */ = {isa = PBXBuildFile; fileRef = 334AA5C21D45AF0A00549690 /* CABaseViewController.xib */; };
		334AA5C91D460CE700549690 /* CAShapeLayerController.m in Sources */ = {isa = PBXBuildFile; fileRef = 334AA5C71D460CE700549690 /* CAShapeLayerController.m */; };
		334AA5CA1D460CE700549690 /* CAShapeLayerController.xib in Resources */ = {isa = PBXBuildFile; fileRef = 334AA5C81D460CE700549690 /* CAShapeLayerController.xib */; };
		33506DB91E5EAA4F006B1909 /* IOSFontViewController.swift in Sources */ = {isa = PBXBuildFile; fileRef = 33506DB81E5EAA4F006B1909 /* IOSFontViewController.swift */; };
		335A17121D4315E100B5A5BC /* main.m in Sources */ = {isa = PBXBuildFile; fileRef = 335A17111D4315E100B5A5BC /* main.m */; };
		335A17151D4315E100B5A5BC /* AppDelegate.m in Sources */ = {isa = PBXBuildFile; fileRef = 335A17141D4315E100B5A5BC /* AppDelegate.m */; };
		335A171B1D4315E100B5A5BC /* Main.storyboard in Resources */ = {isa = PBXBuildFile; fileRef = 335A17191D4315E100B5A5BC /* Main.storyboard */; };
		335A171D1D4315E100B5A5BC /* Assets.xcassets in Resources */ = {isa = PBXBuildFile; fileRef = 335A171C1D4315E100B5A5BC /* Assets.xcassets */; };
		335A17201D4315E100B5A5BC /* LaunchScreen.storyboard in Resources */ = {isa = PBXBuildFile; fileRef = 335A171E1D4315E100B5A5BC /* LaunchScreen.storyboard */; };
		335A172B1D4315E100B5A5BC /* CAAdvancedTechTests.m in Sources */ = {isa = PBXBuildFile; fileRef = 335A172A1D4315E100B5A5BC /* CAAdvancedTechTests.m */; };
		335A17361D4315E100B5A5BC /* CAAdvancedTechUITests.m in Sources */ = {isa = PBXBuildFile; fileRef = 335A17351D4315E100B5A5BC /* CAAdvancedTechUITests.m */; };
		335A17481D43176200B5A5BC /* StartTableViewController.m in Sources */ = {isa = PBXBuildFile; fileRef = 335A17471D43176200B5A5BC /* StartTableViewController.m */; };
		335A174F1D43702F00B5A5BC /* ThreeDTransformController.m in Sources */ = {isa = PBXBuildFile; fileRef = 335A174D1D43702F00B5A5BC /* ThreeDTransformController.m */; };
		335A17501D43702F00B5A5BC /* ThreeDTransformController.xib in Resources */ = {isa = PBXBuildFile; fileRef = 335A174E1D43702F00B5A5BC /* ThreeDTransformController.xib */; };
		33699FA51E24AABE00C6F12E /* ChatController.m in Sources */ = {isa = PBXBuildFile; fileRef = 33699FA41E24AABE00C6F12E /* ChatController.m */; };
		3375E4791E89F7FE001D58E8 /* ConfigurationPlistController.swift in Sources */ = {isa = PBXBuildFile; fileRef = 3375E4781E89F7FE001D58E8 /* ConfigurationPlistController.swift */; };
		3375E47B1E89F997001D58E8 /* GlobalConfigList.plist in Resources */ = {isa = PBXBuildFile; fileRef = 3375E47A1E89F997001D58E8 /* GlobalConfigList.plist */; };
		3375E47E1E89FC34001D58E8 /* SwiftBaseViewController.swift in Sources */ = {isa = PBXBuildFile; fileRef = 3375E47D1E89FC34001D58E8 /* SwiftBaseViewController.swift */; };
		3375E4801E8A1824001D58E8 /* String+Extension.swift in Sources */ = {isa = PBXBuildFile; fileRef = 3375E47F1E8A1824001D58E8 /* String+Extension.swift */; };
		3375E4821E8CE98E001D58E8 /* PlistManager.swift in Sources */ = {isa = PBXBuildFile; fileRef = 3375E4811E8CE98E001D58E8 /* PlistManager.swift */; };
		337738411E24B54F00CDC835 /* Emoji.plist in Resources */ = {isa = PBXBuildFile; fileRef = 337738371E24B54F00CDC835 /* Emoji.plist */; };
		337738421E24B54F00CDC835 /* RongCloudKit.strings in Resources */ = {isa = PBXBuildFile; fileRef = 337738381E24B54F00CDC835 /* RongCloudKit.strings */; };
		337738431E24B54F00CDC835 /* RongCloud.bundle in Resources */ = {isa = PBXBuildFile; fileRef = 3377383A1E24B54F00CDC835 /* RongCloud.bundle */; };
		337738441E24B54F00CDC835 /* RongIMKit.framework in Frameworks */ = {isa = PBXBuildFile; fileRef = 3377383B1E24B54F00CDC835 /* RongIMKit.framework */; };
		337738451E24B54F00CDC835 /* libopencore-amrnb.a in Frameworks */ = {isa = PBXBuildFile; fileRef = 3377383E1E24B54F00CDC835 /* libopencore-amrnb.a */; };
		337738461E24B54F00CDC835 /* RCConfig.plist in Resources */ = {isa = PBXBuildFile; fileRef = 3377383F1E24B54F00CDC835 /* RCConfig.plist */; };
		337738471E24B54F00CDC835 /* RongIMLib.framework in Frameworks */ = {isa = PBXBuildFile; fileRef = 337738401E24B54F00CDC835 /* RongIMLib.framework */; };
		3377384A1E24B5F800CDC835 /* AssetsLibrary.framework in Frameworks */ = {isa = PBXBuildFile; fileRef = 337738491E24B5F800CDC835 /* AssetsLibrary.framework */; };
		3377384C1E24B60100CDC835 /* AudioToolbox.framework in Frameworks */ = {isa = PBXBuildFile; fileRef = 3377384B1E24B60100CDC835 /* AudioToolbox.framework */; };
		3377384E1E24B60C00CDC835 /* AVFoundation.framework in Frameworks */ = {isa = PBXBuildFile; fileRef = 3377384D1E24B60C00CDC835 /* AVFoundation.framework */; };
		337738501E24B61600CDC835 /* CFNetwork.framework in Frameworks */ = {isa = PBXBuildFile; fileRef = 3377384F1E24B61600CDC835 /* CFNetwork.framework */; };
		337738521E24B62000CDC835 /* CoreAudio.framework in Frameworks */ = {isa = PBXBuildFile; fileRef = 337738511E24B62000CDC835 /* CoreAudio.framework */; };
		337738541E24B62900CDC835 /* CoreGraphics.framework in Frameworks */ = {isa = PBXBuildFile; fileRef = 337738531E24B62900CDC835 /* CoreGraphics.framework */; };
		337738561E24B63200CDC835 /* CoreLocation.framework in Frameworks */ = {isa = PBXBuildFile; fileRef = 337738551E24B63200CDC835 /* CoreLocation.framework */; };
		337738581E24B63B00CDC835 /* CoreMedia.framework in Frameworks */ = {isa = PBXBuildFile; fileRef = 337738571E24B63B00CDC835 /* CoreMedia.framework */; };
		3377385A1E24B64200CDC835 /* CoreTelephony.framework in Frameworks */ = {isa = PBXBuildFile; fileRef = 337738591E24B64200CDC835 /* CoreTelephony.framework */; };
		3377385C1E24B64B00CDC835 /* CoreVideo.framework in Frameworks */ = {isa = PBXBuildFile; fileRef = 3377385B1E24B64B00CDC835 /* CoreVideo.framework */; };
		3377385E1E24B65300CDC835 /* ImageIO.framework in Frameworks */ = {isa = PBXBuildFile; fileRef = 3377385D1E24B65300CDC835 /* ImageIO.framework */; };
		337738601E24B66000CDC835 /* libc++.tbd in Frameworks */ = {isa = PBXBuildFile; fileRef = 3377385F1E24B66000CDC835 /* libc++.tbd */; };
		337738621E24B67F00CDC835 /* libc++abi.tbd in Frameworks */ = {isa = PBXBuildFile; fileRef = 337738611E24B67F00CDC835 /* libc++abi.tbd */; };
		337738641E24B68800CDC835 /* libsqlite3.tbd in Frameworks */ = {isa = PBXBuildFile; fileRef = 337738631E24B68800CDC835 /* libsqlite3.tbd */; };
		337738661E24B69300CDC835 /* libstdc++.tbd in Frameworks */ = {isa = PBXBuildFile; fileRef = 337738651E24B69300CDC835 /* libstdc++.tbd */; };
		337738681E24B69C00CDC835 /* libxml2.tbd in Frameworks */ = {isa = PBXBuildFile; fileRef = 337738671E24B69C00CDC835 /* libxml2.tbd */; };
		3377386A1E24B6A500CDC835 /* libz.tbd in Frameworks */ = {isa = PBXBuildFile; fileRef = 337738691E24B6A500CDC835 /* libz.tbd */; };
		3377386C1E24B6AD00CDC835 /* MapKit.framework in Frameworks */ = {isa = PBXBuildFile; fileRef = 3377386B1E24B6AD00CDC835 /* MapKit.framework */; };
		3377386E1E24B6B500CDC835 /* OpenGLES.framework in Frameworks */ = {isa = PBXBuildFile; fileRef = 3377386D1E24B6B500CDC835 /* OpenGLES.framework */; };
		337738701E24B6BE00CDC835 /* QuartzCore.framework in Frameworks */ = {isa = PBXBuildFile; fileRef = 3377386F1E24B6BE00CDC835 /* QuartzCore.framework */; };
		337738721E24B6C600CDC835 /* SystemConfiguration.framework in Frameworks */ = {isa = PBXBuildFile; fileRef = 337738711E24B6C600CDC835 /* SystemConfiguration.framework */; };
		337738741E24B6D000CDC835 /* UIKit.framework in Frameworks */ = {isa = PBXBuildFile; fileRef = 337738731E24B6D000CDC835 /* UIKit.framework */; };
		337738761E24B6DB00CDC835 /* Photos.framework in Frameworks */ = {isa = PBXBuildFile; fileRef = 337738751E24B6DB00CDC835 /* Photos.framework */; };
		337738781E24B6E500CDC835 /* SafariServices.framework in Frameworks */ = {isa = PBXBuildFile; fileRef = 337738771E24B6E500CDC835 /* SafariServices.framework */; };
		3377387B1E24BBBE00CDC835 /* ContactsController.m in Sources */ = {isa = PBXBuildFile; fileRef = 3377387A1E24BBBE00CDC835 /* ContactsController.m */; };
		337738891E26232F00CDC835 /* SimpleMessage.m in Sources */ = {isa = PBXBuildFile; fileRef = 337738881E26232F00CDC835 /* SimpleMessage.m */; };
		3377388C1E2624B000CDC835 /* SimpleMessageCell.m in Sources */ = {isa = PBXBuildFile; fileRef = 3377388B1E2624B000CDC835 /* SimpleMessageCell.m */; };
		33877E471E54591D00194936 /* FirstViewController.m in Sources */ = {isa = PBXBuildFile; fileRef = 33877E461E54591D00194936 /* FirstViewController.m */; };
		33877E4A1E545ABC00194936 /* FistSwiftViewController.swift in Sources */ = {isa = PBXBuildFile; fileRef = 33877E491E545ABC00194936 /* FistSwiftViewController.swift */; };
		33FD92021EE801EB00BB8166 /* TCLLocationController.swift in Sources */ = {isa = PBXBuildFile; fileRef = 33FD92011EE801EB00BB8166 /* TCLLocationController.swift */; };
		33FECEC41E5810E5000E26AD /* ElevatorControlCenterController.swift in Sources */ = {isa = PBXBuildFile; fileRef = 33FECEC21E5810E5000E26AD /* ElevatorControlCenterController.swift */; };
		33FECEC51E5810E5000E26AD /* ElevatorControlCenterController.xib in Resources */ = {isa = PBXBuildFile; fileRef = 33FECEC31E5810E5000E26AD /* ElevatorControlCenterController.xib */; };
/* End PBXBuildFile section */

/* Begin PBXContainerItemProxy section */
		335A17271D4315E100B5A5BC /* PBXContainerItemProxy */ = {
			isa = PBXContainerItemProxy;
			containerPortal = 335A17051D4315E100B5A5BC /* Project object */;
			proxyType = 1;
			remoteGlobalIDString = 335A170C1D4315E100B5A5BC;
			remoteInfo = CAAdvancedTech;
		};
		335A17321D4315E100B5A5BC /* PBXContainerItemProxy */ = {
			isa = PBXContainerItemProxy;
			containerPortal = 335A17051D4315E100B5A5BC /* Project object */;
			proxyType = 1;
			remoteGlobalIDString = 335A170C1D4315E100B5A5BC;
			remoteInfo = CAAdvancedTech;
		};
/* End PBXContainerItemProxy section */

/* Begin PBXFileReference section */
		330CB8681E83B2510098664D /* UIView+Tracking.h */ = {isa = PBXFileReference; fileEncoding = 4; lastKnownFileType = sourcecode.c.h; path = "UIView+Tracking.h"; sourceTree = "<group>"; };
		330CB8691E83B2510098664D /* UIView+Tracking.m */ = {isa = PBXFileReference; fileEncoding = 4; lastKnownFileType = sourcecode.c.objc; path = "UIView+Tracking.m"; sourceTree = "<group>"; };
		330CB86B1E83B50F0098664D /* SwizzlingView.h */ = {isa = PBXFileReference; fileEncoding = 4; lastKnownFileType = sourcecode.c.h; path = SwizzlingView.h; sourceTree = "<group>"; };
		330CB86C1E83B50F0098664D /* SwizzlingView.m */ = {isa = PBXFileReference; fileEncoding = 4; lastKnownFileType = sourcecode.c.objc; path = SwizzlingView.m; sourceTree = "<group>"; };
		332204BC1E1E3D6A00A40248 /* GTMBase64.h */ = {isa = PBXFileReference; fileEncoding = 4; lastKnownFileType = sourcecode.c.h; path = GTMBase64.h; sourceTree = "<group>"; };
		332204BD1E1E3D6A00A40248 /* GTMBase64.m */ = {isa = PBXFileReference; fileEncoding = 4; lastKnownFileType = sourcecode.c.objc; path = GTMBase64.m; sourceTree = "<group>"; };
		332204BE1E1E3D6A00A40248 /* GTMDefines.h */ = {isa = PBXFileReference; fileEncoding = 4; lastKnownFileType = sourcecode.c.h; path = GTMDefines.h; sourceTree = "<group>"; };
		332204C41E1E3F7800A40248 /* AESRSA128Controller.h */ = {isa = PBXFileReference; fileEncoding = 4; lastKnownFileType = sourcecode.c.h; path = AESRSA128Controller.h; sourceTree = "<group>"; };
		332204C51E1E3F7800A40248 /* AESRSA128Controller.m */ = {isa = PBXFileReference; fileEncoding = 4; lastKnownFileType = sourcecode.c.objc; path = AESRSA128Controller.m; sourceTree = "<group>"; };
		332204C61E1E3F7800A40248 /* AESRSA128Controller.xib */ = {isa = PBXFileReference; fileEncoding = 4; lastKnownFileType = file.xib; path = AESRSA128Controller.xib; sourceTree = "<group>"; };
		33318E361E84EFAD00270478 /* UIViewController+Swizzling.h */ = {isa = PBXFileReference; fileEncoding = 4; lastKnownFileType = sourcecode.c.h; path = "UIViewController+Swizzling.h"; sourceTree = "<group>"; };
		33318E371E84EFAD00270478 /* UIViewController+Swizzling.m */ = {isa = PBXFileReference; fileEncoding = 4; lastKnownFileType = sourcecode.c.objc; path = "UIViewController+Swizzling.m"; sourceTree = "<group>"; };
		33318E391E84F4AD00270478 /* BaseViewController.h */ = {isa = PBXFileReference; fileEncoding = 4; lastKnownFileType = sourcecode.c.h; path = BaseViewController.h; sourceTree = "<group>"; };
		33318E3A1E84F4AD00270478 /* BaseViewController.m */ = {isa = PBXFileReference; fileEncoding = 4; lastKnownFileType = sourcecode.c.objc; path = BaseViewController.m; sourceTree = "<group>"; };
		3338D2EF1E4C67F500117E4D /* LeakInspectorViewController.h */ = {isa = PBXFileReference; fileEncoding = 4; lastKnownFileType = sourcecode.c.h; path = LeakInspectorViewController.h; sourceTree = "<group>"; };
		3338D2F01E4C67F500117E4D /* LeakInspectorViewController.m */ = {isa = PBXFileReference; fileEncoding = 4; lastKnownFileType = sourcecode.c.objc; path = LeakInspectorViewController.m; sourceTree = "<group>"; };
		3338D2F41E4C68ED00117E4D /* InspectorContainerView.h */ = {isa = PBXFileReference; fileEncoding = 4; lastKnownFileType = sourcecode.c.h; path = InspectorContainerView.h; sourceTree = "<group>"; };
		3338D2F51E4C68ED00117E4D /* InspectorContainerView.m */ = {isa = PBXFileReference; fileEncoding = 4; lastKnownFileType = sourcecode.c.objc; path = InspectorContainerView.m; sourceTree = "<group>"; };
		3338D2F71E4C6B9E00117E4D /* LeakFirstView.h */ = {isa = PBXFileReference; fileEncoding = 4; lastKnownFileType = sourcecode.c.h; path = LeakFirstView.h; sourceTree = "<group>"; };
		3338D2F81E4C6B9E00117E4D /* LeakFirstView.m */ = {isa = PBXFileReference; fileEncoding = 4; lastKnownFileType = sourcecode.c.objc; path = LeakFirstView.m; sourceTree = "<group>"; };
		3338D2FA1E4C6BBD00117E4D /* LeakSecondView.h */ = {isa = PBXFileReference; fileEncoding = 4; lastKnownFileType = sourcecode.c.h; path = LeakSecondView.h; sourceTree = "<group>"; };
		3338D2FB1E4C6BBD00117E4D /* LeakSecondView.m */ = {isa = PBXFileReference; fileEncoding = 4; lastKnownFileType = sourcecode.c.objc; path = LeakSecondView.m; sourceTree = "<group>"; };
		3338D2FD1E4C6D6900117E4D /* LeakThirdView.h */ = {isa = PBXFileReference; fileEncoding = 4; lastKnownFileType = sourcecode.c.h; path = LeakThirdView.h; sourceTree = "<group>"; };
		3338D2FE1E4C6D6900117E4D /* LeakThirdView.m */ = {isa = PBXFileReference; fileEncoding = 4; lastKnownFileType = sourcecode.c.objc; path = LeakThirdView.m; sourceTree = "<group>"; };
		3338D3001E4C6F0300117E4D /* LeakFourView.h */ = {isa = PBXFileReference; fileEncoding = 4; lastKnownFileType = sourcecode.c.h; path = LeakFourView.h; sourceTree = "<group>"; };
		3338D3011E4C6F0300117E4D /* LeakFourView.m */ = {isa = PBXFileReference; fileEncoding = 4; lastKnownFileType = sourcecode.c.objc; path = LeakFourView.m; sourceTree = "<group>"; };
		333A23271EEA9A88007C92EF /* IncomeRateCalculatorController.swift */ = {isa = PBXFileReference; fileEncoding = 4; lastKnownFileType = sourcecode.swift; path = IncomeRateCalculatorController.swift; sourceTree = "<group>"; };
		33403F321E4D5EFE00B48DFB /* SwizzlingViewController.h */ = {isa = PBXFileReference; fileEncoding = 4; lastKnownFileType = sourcecode.c.h; path = SwizzlingViewController.h; sourceTree = "<group>"; };
		33403F331E4D5EFE00B48DFB /* SwizzlingViewController.m */ = {isa = PBXFileReference; fileEncoding = 4; lastKnownFileType = sourcecode.c.objc; path = SwizzlingViewController.m; sourceTree = "<group>"; };
		33403F351E4D5F8800B48DFB /* UIViewController+Tracking.h */ = {isa = PBXFileReference; fileEncoding = 4; lastKnownFileType = sourcecode.c.h; path = "UIViewController+Tracking.h"; sourceTree = "<group>"; };
		33403F361E4D5F8800B48DFB /* UIViewController+Tracking.m */ = {isa = PBXFileReference; fileEncoding = 4; lastKnownFileType = sourcecode.c.objc; path = "UIViewController+Tracking.m"; sourceTree = "<group>"; };
		33403F381E4D5FEF00B48DFB /* SwizzlingSonViewController.h */ = {isa = PBXFileReference; fileEncoding = 4; lastKnownFileType = sourcecode.c.h; path = SwizzlingSonViewController.h; sourceTree = "<group>"; };
		33403F391E4D5FEF00B48DFB /* SwizzlingSonViewController.m */ = {isa = PBXFileReference; fileEncoding = 4; lastKnownFileType = sourcecode.c.objc; path = SwizzlingSonViewController.m; sourceTree = "<group>"; };
		3342EFD41E1E72620070FA08 /* AES128Util.h */ = {isa = PBXFileReference; fileEncoding = 4; lastKnownFileType = sourcecode.c.h; path = AES128Util.h; sourceTree = "<group>"; };
		3342EFD51E1E72620070FA08 /* AES128Util.m */ = {isa = PBXFileReference; fileEncoding = 4; lastKnownFileType = sourcecode.c.objc; path = AES128Util.m; sourceTree = "<group>"; };
		3342EFD81E1E743B0070FA08 /* public_key.der */ = {isa = PBXFileReference; lastKnownFileType = file; path = public_key.der; sourceTree = "<group>"; };
		3342EFD91E1E743B0070FA08 /* RSAEncryptor.h */ = {isa = PBXFileReference; fileEncoding = 4; lastKnownFileType = sourcecode.c.h; path = RSAEncryptor.h; sourceTree = "<group>"; };
		3342EFDA1E1E743B0070FA08 /* RSAEncryptor.m */ = {isa = PBXFileReference; fileEncoding = 4; lastKnownFileType = sourcecode.c.objc; path = RSAEncryptor.m; sourceTree = "<group>"; };
		3342EFDD1E1E7BA90070FA08 /* rsa_public_key.der */ = {isa = PBXFileReference; lastKnownFileType = file; path = rsa_public_key.der; sourceTree = "<group>"; };
		3342EFDF1E1E7D2E0070FA08 /* rsa_private_key.pem */ = {isa = PBXFileReference; fileEncoding = 4; lastKnownFileType = text; path = rsa_private_key.pem; sourceTree = "<group>"; };
		334A9B431E14D736008969E4 /* TestOfBundleController.h */ = {isa = PBXFileReference; fileEncoding = 4; lastKnownFileType = sourcecode.c.h; path = TestOfBundleController.h; sourceTree = "<group>"; };
		334A9B441E14D736008969E4 /* TestOfBundleController.m */ = {isa = PBXFileReference; fileEncoding = 4; lastKnownFileType = sourcecode.c.objc; path = TestOfBundleController.m; sourceTree = "<group>"; };
		334A9B451E14D736008969E4 /* TestOfBundleController.xib */ = {isa = PBXFileReference; fileEncoding = 4; lastKnownFileType = file.xib; path = TestOfBundleController.xib; sourceTree = "<group>"; };
		334A9B481E14D77A008969E4 /* image.bundle */ = {isa = PBXFileReference; lastKnownFileType = "wrapper.plug-in"; path = image.bundle; sourceTree = "<group>"; };
		334AA5C01D45AF0A00549690 /* CABaseViewController.h */ = {isa = PBXFileReference; fileEncoding = 4; lastKnownFileType = sourcecode.c.h; path = CABaseViewController.h; sourceTree = "<group>"; };
		334AA5C11D45AF0A00549690 /* CABaseViewController.m */ = {isa = PBXFileReference; fileEncoding = 4; lastKnownFileType = sourcecode.c.objc; path = CABaseViewController.m; sourceTree = "<group>"; };
		334AA5C21D45AF0A00549690 /* CABaseViewController.xib */ = {isa = PBXFileReference; fileEncoding = 4; lastKnownFileType = file.xib; path = CABaseViewController.xib; sourceTree = "<group>"; };
		334AA5C61D460CE700549690 /* CAShapeLayerController.h */ = {isa = PBXFileReference; fileEncoding = 4; lastKnownFileType = sourcecode.c.h; path = CAShapeLayerController.h; sourceTree = "<group>"; };
		334AA5C71D460CE700549690 /* CAShapeLayerController.m */ = {isa = PBXFileReference; fileEncoding = 4; lastKnownFileType = sourcecode.c.objc; path = CAShapeLayerController.m; sourceTree = "<group>"; };
		334AA5C81D460CE700549690 /* CAShapeLayerController.xib */ = {isa = PBXFileReference; fileEncoding = 4; lastKnownFileType = file.xib; path = CAShapeLayerController.xib; sourceTree = "<group>"; };
		33506DB81E5EAA4F006B1909 /* IOSFontViewController.swift */ = {isa = PBXFileReference; fileEncoding = 4; lastKnownFileType = sourcecode.swift; path = IOSFontViewController.swift; sourceTree = "<group>"; };
		335A170D1D4315E100B5A5BC /* CAAdvancedTech.app */ = {isa = PBXFileReference; explicitFileType = wrapper.application; includeInIndex = 0; path = CAAdvancedTech.app; sourceTree = BUILT_PRODUCTS_DIR; };
		335A17111D4315E100B5A5BC /* main.m */ = {isa = PBXFileReference; lastKnownFileType = sourcecode.c.objc; path = main.m; sourceTree = "<group>"; };
		335A17131D4315E100B5A5BC /* AppDelegate.h */ = {isa = PBXFileReference; lastKnownFileType = sourcecode.c.h; path = AppDelegate.h; sourceTree = "<group>"; };
		335A17141D4315E100B5A5BC /* AppDelegate.m */ = {isa = PBXFileReference; lastKnownFileType = sourcecode.c.objc; path = AppDelegate.m; sourceTree = "<group>"; };
		335A171A1D4315E100B5A5BC /* Base */ = {isa = PBXFileReference; lastKnownFileType = file.storyboard; name = Base; path = Base.lproj/Main.storyboard; sourceTree = "<group>"; };
		335A171C1D4315E100B5A5BC /* Assets.xcassets */ = {isa = PBXFileReference; lastKnownFileType = folder.assetcatalog; path = Assets.xcassets; sourceTree = "<group>"; };
		335A171F1D4315E100B5A5BC /* Base */ = {isa = PBXFileReference; lastKnownFileType = file.storyboard; name = Base; path = Base.lproj/LaunchScreen.storyboard; sourceTree = "<group>"; };
		335A17211D4315E100B5A5BC /* Info.plist */ = {isa = PBXFileReference; lastKnownFileType = text.plist.xml; path = Info.plist; sourceTree = "<group>"; };
		335A17261D4315E100B5A5BC /* CAAdvancedTechTests.xctest */ = {isa = PBXFileReference; explicitFileType = wrapper.cfbundle; includeInIndex = 0; path = CAAdvancedTechTests.xctest; sourceTree = BUILT_PRODUCTS_DIR; };
		335A172A1D4315E100B5A5BC /* CAAdvancedTechTests.m */ = {isa = PBXFileReference; lastKnownFileType = sourcecode.c.objc; path = CAAdvancedTechTests.m; sourceTree = "<group>"; };
		335A172C1D4315E100B5A5BC /* Info.plist */ = {isa = PBXFileReference; lastKnownFileType = text.plist.xml; path = Info.plist; sourceTree = "<group>"; };
		335A17311D4315E100B5A5BC /* CAAdvancedTechUITests.xctest */ = {isa = PBXFileReference; explicitFileType = wrapper.cfbundle; includeInIndex = 0; path = CAAdvancedTechUITests.xctest; sourceTree = BUILT_PRODUCTS_DIR; };
		335A17351D4315E100B5A5BC /* CAAdvancedTechUITests.m */ = {isa = PBXFileReference; lastKnownFileType = sourcecode.c.objc; path = CAAdvancedTechUITests.m; sourceTree = "<group>"; };
		335A17371D4315E100B5A5BC /* Info.plist */ = {isa = PBXFileReference; lastKnownFileType = text.plist.xml; path = Info.plist; sourceTree = "<group>"; };
		335A17461D43176200B5A5BC /* StartTableViewController.h */ = {isa = PBXFileReference; fileEncoding = 4; lastKnownFileType = sourcecode.c.h; path = StartTableViewController.h; sourceTree = "<group>"; };
		335A17471D43176200B5A5BC /* StartTableViewController.m */ = {isa = PBXFileReference; fileEncoding = 4; lastKnownFileType = sourcecode.c.objc; path = StartTableViewController.m; sourceTree = "<group>"; };
		335A174C1D43702F00B5A5BC /* ThreeDTransformController.h */ = {isa = PBXFileReference; fileEncoding = 4; lastKnownFileType = sourcecode.c.h; path = ThreeDTransformController.h; sourceTree = "<group>"; };
		335A174D1D43702F00B5A5BC /* ThreeDTransformController.m */ = {isa = PBXFileReference; fileEncoding = 4; lastKnownFileType = sourcecode.c.objc; path = ThreeDTransformController.m; sourceTree = "<group>"; };
		335A174E1D43702F00B5A5BC /* ThreeDTransformController.xib */ = {isa = PBXFileReference; fileEncoding = 4; lastKnownFileType = file.xib; path = ThreeDTransformController.xib; sourceTree = "<group>"; };
		33699FA31E24AABE00C6F12E /* ChatController.h */ = {isa = PBXFileReference; fileEncoding = 4; lastKnownFileType = sourcecode.c.h; path = ChatController.h; sourceTree = "<group>"; };
		33699FA41E24AABE00C6F12E /* ChatController.m */ = {isa = PBXFileReference; fileEncoding = 4; lastKnownFileType = sourcecode.c.objc; path = ChatController.m; sourceTree = "<group>"; };
		3375E4781E89F7FE001D58E8 /* ConfigurationPlistController.swift */ = {isa = PBXFileReference; fileEncoding = 4; lastKnownFileType = sourcecode.swift; path = ConfigurationPlistController.swift; sourceTree = "<group>"; };
		3375E47A1E89F997001D58E8 /* GlobalConfigList.plist */ = {isa = PBXFileReference; fileEncoding = 4; lastKnownFileType = text.plist.xml; path = GlobalConfigList.plist; sourceTree = "<group>"; };
		3375E47D1E89FC34001D58E8 /* SwiftBaseViewController.swift */ = {isa = PBXFileReference; fileEncoding = 4; lastKnownFileType = sourcecode.swift; path = SwiftBaseViewController.swift; sourceTree = "<group>"; };
		3375E47F1E8A1824001D58E8 /* String+Extension.swift */ = {isa = PBXFileReference; fileEncoding = 4; lastKnownFileType = sourcecode.swift; path = "String+Extension.swift"; sourceTree = "<group>"; };
		3375E4811E8CE98E001D58E8 /* PlistManager.swift */ = {isa = PBXFileReference; fileEncoding = 4; lastKnownFileType = sourcecode.swift; path = PlistManager.swift; sourceTree = "<group>"; };
		337738371E24B54F00CDC835 /* Emoji.plist */ = {isa = PBXFileReference; fileEncoding = 4; lastKnownFileType = text.plist.xml; path = Emoji.plist; sourceTree = "<group>"; };
		337738391E24B54F00CDC835 /* en */ = {isa = PBXFileReference; lastKnownFileType = text.plist.strings; name = en; path = en.lproj/RongCloudKit.strings; sourceTree = "<group>"; };
		3377383A1E24B54F00CDC835 /* RongCloud.bundle */ = {isa = PBXFileReference; lastKnownFileType = "wrapper.plug-in"; path = RongCloud.bundle; sourceTree = "<group>"; };
		3377383B1E24B54F00CDC835 /* RongIMKit.framework */ = {isa = PBXFileReference; lastKnownFileType = wrapper.framework; path = RongIMKit.framework; sourceTree = "<group>"; };
		3377383C1E24B54F00CDC835 /* zh-Hans */ = {isa = PBXFileReference; lastKnownFileType = text.plist.strings; name = "zh-Hans"; path = "zh-Hans.lproj/RongCloudKit.strings"; sourceTree = "<group>"; };
		3377383E1E24B54F00CDC835 /* libopencore-amrnb.a */ = {isa = PBXFileReference; lastKnownFileType = archive.ar; path = "libopencore-amrnb.a"; sourceTree = "<group>"; };
		3377383F1E24B54F00CDC835 /* RCConfig.plist */ = {isa = PBXFileReference; fileEncoding = 4; lastKnownFileType = text.plist.xml; path = RCConfig.plist; sourceTree = "<group>"; };
		337738401E24B54F00CDC835 /* RongIMLib.framework */ = {isa = PBXFileReference; lastKnownFileType = wrapper.framework; path = RongIMLib.framework; sourceTree = "<group>"; };
		337738491E24B5F800CDC835 /* AssetsLibrary.framework */ = {isa = PBXFileReference; lastKnownFileType = wrapper.framework; name = AssetsLibrary.framework; path = System/Library/Frameworks/AssetsLibrary.framework; sourceTree = SDKROOT; };
		3377384B1E24B60100CDC835 /* AudioToolbox.framework */ = {isa = PBXFileReference; lastKnownFileType = wrapper.framework; name = AudioToolbox.framework; path = System/Library/Frameworks/AudioToolbox.framework; sourceTree = SDKROOT; };
		3377384D1E24B60C00CDC835 /* AVFoundation.framework */ = {isa = PBXFileReference; lastKnownFileType = wrapper.framework; name = AVFoundation.framework; path = System/Library/Frameworks/AVFoundation.framework; sourceTree = SDKROOT; };
		3377384F1E24B61600CDC835 /* CFNetwork.framework */ = {isa = PBXFileReference; lastKnownFileType = wrapper.framework; name = CFNetwork.framework; path = System/Library/Frameworks/CFNetwork.framework; sourceTree = SDKROOT; };
		337738511E24B62000CDC835 /* CoreAudio.framework */ = {isa = PBXFileReference; lastKnownFileType = wrapper.framework; name = CoreAudio.framework; path = System/Library/Frameworks/CoreAudio.framework; sourceTree = SDKROOT; };
		337738531E24B62900CDC835 /* CoreGraphics.framework */ = {isa = PBXFileReference; lastKnownFileType = wrapper.framework; name = CoreGraphics.framework; path = System/Library/Frameworks/CoreGraphics.framework; sourceTree = SDKROOT; };
		337738551E24B63200CDC835 /* CoreLocation.framework */ = {isa = PBXFileReference; lastKnownFileType = wrapper.framework; name = CoreLocation.framework; path = System/Library/Frameworks/CoreLocation.framework; sourceTree = SDKROOT; };
		337738571E24B63B00CDC835 /* CoreMedia.framework */ = {isa = PBXFileReference; lastKnownFileType = wrapper.framework; name = CoreMedia.framework; path = System/Library/Frameworks/CoreMedia.framework; sourceTree = SDKROOT; };
		337738591E24B64200CDC835 /* CoreTelephony.framework */ = {isa = PBXFileReference; lastKnownFileType = wrapper.framework; name = CoreTelephony.framework; path = System/Library/Frameworks/CoreTelephony.framework; sourceTree = SDKROOT; };
		3377385B1E24B64B00CDC835 /* CoreVideo.framework */ = {isa = PBXFileReference; lastKnownFileType = wrapper.framework; name = CoreVideo.framework; path = System/Library/Frameworks/CoreVideo.framework; sourceTree = SDKROOT; };
		3377385D1E24B65300CDC835 /* ImageIO.framework */ = {isa = PBXFileReference; lastKnownFileType = wrapper.framework; name = ImageIO.framework; path = System/Library/Frameworks/ImageIO.framework; sourceTree = SDKROOT; };
		3377385F1E24B66000CDC835 /* libc++.tbd */ = {isa = PBXFileReference; lastKnownFileType = "sourcecode.text-based-dylib-definition"; name = "libc++.tbd"; path = "usr/lib/libc++.tbd"; sourceTree = SDKROOT; };
		337738611E24B67F00CDC835 /* libc++abi.tbd */ = {isa = PBXFileReference; lastKnownFileType = "sourcecode.text-based-dylib-definition"; name = "libc++abi.tbd"; path = "usr/lib/libc++abi.tbd"; sourceTree = SDKROOT; };
		337738631E24B68800CDC835 /* libsqlite3.tbd */ = {isa = PBXFileReference; lastKnownFileType = "sourcecode.text-based-dylib-definition"; name = libsqlite3.tbd; path = usr/lib/libsqlite3.tbd; sourceTree = SDKROOT; };
		337738651E24B69300CDC835 /* libstdc++.tbd */ = {isa = PBXFileReference; lastKnownFileType = "sourcecode.text-based-dylib-definition"; name = "libstdc++.tbd"; path = "usr/lib/libstdc++.tbd"; sourceTree = SDKROOT; };
		337738671E24B69C00CDC835 /* libxml2.tbd */ = {isa = PBXFileReference; lastKnownFileType = "sourcecode.text-based-dylib-definition"; name = libxml2.tbd; path = usr/lib/libxml2.tbd; sourceTree = SDKROOT; };
		337738691E24B6A500CDC835 /* libz.tbd */ = {isa = PBXFileReference; lastKnownFileType = "sourcecode.text-based-dylib-definition"; name = libz.tbd; path = usr/lib/libz.tbd; sourceTree = SDKROOT; };
		3377386B1E24B6AD00CDC835 /* MapKit.framework */ = {isa = PBXFileReference; lastKnownFileType = wrapper.framework; name = MapKit.framework; path = System/Library/Frameworks/MapKit.framework; sourceTree = SDKROOT; };
		3377386D1E24B6B500CDC835 /* OpenGLES.framework */ = {isa = PBXFileReference; lastKnownFileType = wrapper.framework; name = OpenGLES.framework; path = System/Library/Frameworks/OpenGLES.framework; sourceTree = SDKROOT; };
		3377386F1E24B6BE00CDC835 /* QuartzCore.framework */ = {isa = PBXFileReference; lastKnownFileType = wrapper.framework; name = QuartzCore.framework; path = System/Library/Frameworks/QuartzCore.framework; sourceTree = SDKROOT; };
		337738711E24B6C600CDC835 /* SystemConfiguration.framework */ = {isa = PBXFileReference; lastKnownFileType = wrapper.framework; name = SystemConfiguration.framework; path = System/Library/Frameworks/SystemConfiguration.framework; sourceTree = SDKROOT; };
		337738731E24B6D000CDC835 /* UIKit.framework */ = {isa = PBXFileReference; lastKnownFileType = wrapper.framework; name = UIKit.framework; path = System/Library/Frameworks/UIKit.framework; sourceTree = SDKROOT; };
		337738751E24B6DB00CDC835 /* Photos.framework */ = {isa = PBXFileReference; lastKnownFileType = wrapper.framework; name = Photos.framework; path = System/Library/Frameworks/Photos.framework; sourceTree = SDKROOT; };
		337738771E24B6E500CDC835 /* SafariServices.framework */ = {isa = PBXFileReference; lastKnownFileType = wrapper.framework; name = SafariServices.framework; path = System/Library/Frameworks/SafariServices.framework; sourceTree = SDKROOT; };
		337738791E24BBBE00CDC835 /* ContactsController.h */ = {isa = PBXFileReference; fileEncoding = 4; lastKnownFileType = sourcecode.c.h; path = ContactsController.h; sourceTree = "<group>"; };
		3377387A1E24BBBE00CDC835 /* ContactsController.m */ = {isa = PBXFileReference; fileEncoding = 4; lastKnownFileType = sourcecode.c.objc; path = ContactsController.m; sourceTree = "<group>"; };
		337738871E26232F00CDC835 /* SimpleMessage.h */ = {isa = PBXFileReference; fileEncoding = 4; lastKnownFileType = sourcecode.c.h; path = SimpleMessage.h; sourceTree = "<group>"; };
		337738881E26232F00CDC835 /* SimpleMessage.m */ = {isa = PBXFileReference; fileEncoding = 4; lastKnownFileType = sourcecode.c.objc; path = SimpleMessage.m; sourceTree = "<group>"; };
		3377388A1E2624B000CDC835 /* SimpleMessageCell.h */ = {isa = PBXFileReference; fileEncoding = 4; lastKnownFileType = sourcecode.c.h; path = SimpleMessageCell.h; sourceTree = "<group>"; };
		3377388B1E2624B000CDC835 /* SimpleMessageCell.m */ = {isa = PBXFileReference; fileEncoding = 4; lastKnownFileType = sourcecode.c.objc; path = SimpleMessageCell.m; sourceTree = "<group>"; };
		33877E451E54591D00194936 /* FirstViewController.h */ = {isa = PBXFileReference; fileEncoding = 4; lastKnownFileType = sourcecode.c.h; path = FirstViewController.h; sourceTree = "<group>"; };
		33877E461E54591D00194936 /* FirstViewController.m */ = {isa = PBXFileReference; fileEncoding = 4; lastKnownFileType = sourcecode.c.objc; path = FirstViewController.m; sourceTree = "<group>"; };
		33877E491E545ABC00194936 /* FistSwiftViewController.swift */ = {isa = PBXFileReference; fileEncoding = 4; lastKnownFileType = sourcecode.swift; path = FistSwiftViewController.swift; sourceTree = "<group>"; };
		33877E4B1E545D0400194936 /* CAAdvancedTech-Bridging-Header.h */ = {isa = PBXFileReference; fileEncoding = 4; lastKnownFileType = sourcecode.c.h; path = "CAAdvancedTech-Bridging-Header.h"; sourceTree = "<group>"; };
		33FD92011EE801EB00BB8166 /* TCLLocationController.swift */ = {isa = PBXFileReference; fileEncoding = 4; lastKnownFileType = sourcecode.swift; path = TCLLocationController.swift; sourceTree = "<group>"; };
		33FECEC11E57F9CC000E26AD /* CAAdvancedTech.pch */ = {isa = PBXFileReference; fileEncoding = 4; lastKnownFileType = sourcecode.c.h; path = CAAdvancedTech.pch; sourceTree = "<group>"; };
		33FECEC21E5810E5000E26AD /* ElevatorControlCenterController.swift */ = {isa = PBXFileReference; fileEncoding = 4; lastKnownFileType = sourcecode.swift; path = ElevatorControlCenterController.swift; sourceTree = "<group>"; };
		33FECEC31E5810E5000E26AD /* ElevatorControlCenterController.xib */ = {isa = PBXFileReference; fileEncoding = 4; lastKnownFileType = file.xib; path = ElevatorControlCenterController.xib; sourceTree = "<group>"; };
/* End PBXFileReference section */

/* Begin PBXFrameworksBuildPhase section */
		335A170A1D4315E100B5A5BC /* Frameworks */ = {
			isa = PBXFrameworksBuildPhase;
			buildActionMask = 2147483647;
			files = (
				337738781E24B6E500CDC835 /* SafariServices.framework in Frameworks */,
				337738761E24B6DB00CDC835 /* Photos.framework in Frameworks */,
				337738741E24B6D000CDC835 /* UIKit.framework in Frameworks */,
				337738721E24B6C600CDC835 /* SystemConfiguration.framework in Frameworks */,
				337738701E24B6BE00CDC835 /* QuartzCore.framework in Frameworks */,
				3377386E1E24B6B500CDC835 /* OpenGLES.framework in Frameworks */,
				3377386C1E24B6AD00CDC835 /* MapKit.framework in Frameworks */,
				3377386A1E24B6A500CDC835 /* libz.tbd in Frameworks */,
				337738681E24B69C00CDC835 /* libxml2.tbd in Frameworks */,
				337738661E24B69300CDC835 /* libstdc++.tbd in Frameworks */,
				337738641E24B68800CDC835 /* libsqlite3.tbd in Frameworks */,
				337738621E24B67F00CDC835 /* libc++abi.tbd in Frameworks */,
				337738601E24B66000CDC835 /* libc++.tbd in Frameworks */,
				3377385E1E24B65300CDC835 /* ImageIO.framework in Frameworks */,
				3377385C1E24B64B00CDC835 /* CoreVideo.framework in Frameworks */,
				3377385A1E24B64200CDC835 /* CoreTelephony.framework in Frameworks */,
				337738581E24B63B00CDC835 /* CoreMedia.framework in Frameworks */,
				337738561E24B63200CDC835 /* CoreLocation.framework in Frameworks */,
				337738541E24B62900CDC835 /* CoreGraphics.framework in Frameworks */,
				337738521E24B62000CDC835 /* CoreAudio.framework in Frameworks */,
				337738501E24B61600CDC835 /* CFNetwork.framework in Frameworks */,
				3377384E1E24B60C00CDC835 /* AVFoundation.framework in Frameworks */,
				3377384C1E24B60100CDC835 /* AudioToolbox.framework in Frameworks */,
				3377384A1E24B5F800CDC835 /* AssetsLibrary.framework in Frameworks */,
				337738441E24B54F00CDC835 /* RongIMKit.framework in Frameworks */,
				337738471E24B54F00CDC835 /* RongIMLib.framework in Frameworks */,
				337738451E24B54F00CDC835 /* libopencore-amrnb.a in Frameworks */,
			);
			runOnlyForDeploymentPostprocessing = 0;
		};
		335A17231D4315E100B5A5BC /* Frameworks */ = {
			isa = PBXFrameworksBuildPhase;
			buildActionMask = 2147483647;
			files = (
			);
			runOnlyForDeploymentPostprocessing = 0;
		};
		335A172E1D4315E100B5A5BC /* Frameworks */ = {
			isa = PBXFrameworksBuildPhase;
			buildActionMask = 2147483647;
			files = (
			);
			runOnlyForDeploymentPostprocessing = 0;
		};
/* End PBXFrameworksBuildPhase section */

/* Begin PBXGroup section */
		332204B81E1E3D6A00A40248 /* AES128_RSA */ = {
			isa = PBXGroup;
			children = (
				3342EFD71E1E743B0070FA08 /* RSA */,
				3342EFD31E1E72620070FA08 /* AES */,
				332204BB1E1E3D6A00A40248 /* GTMBase64 */,
				332204C41E1E3F7800A40248 /* AESRSA128Controller.h */,
				332204C51E1E3F7800A40248 /* AESRSA128Controller.m */,
				332204C61E1E3F7800A40248 /* AESRSA128Controller.xib */,
			);
			path = AES128_RSA;
			sourceTree = "<group>";
		};
		332204BB1E1E3D6A00A40248 /* GTMBase64 */ = {
			isa = PBXGroup;
			children = (
				332204BC1E1E3D6A00A40248 /* GTMBase64.h */,
				332204BD1E1E3D6A00A40248 /* GTMBase64.m */,
				332204BE1E1E3D6A00A40248 /* GTMDefines.h */,
			);
			path = GTMBase64;
			sourceTree = "<group>";
		};
		3338D2EE1E4C67BA00117E4D /* MLeaksInspector */ = {
			isa = PBXGroup;
			children = (
				3338D2F31E4C68BF00117E4D /* View */,
				3338D2F21E4C68B700117E4D /* Controller */,
			);
			path = MLeaksInspector;
			sourceTree = "<group>";
		};
		3338D2F21E4C68B700117E4D /* Controller */ = {
			isa = PBXGroup;
			children = (
				3338D2EF1E4C67F500117E4D /* LeakInspectorViewController.h */,
				3338D2F01E4C67F500117E4D /* LeakInspectorViewController.m */,
			);
			name = Controller;
			sourceTree = "<group>";
		};
		3338D2F31E4C68BF00117E4D /* View */ = {
			isa = PBXGroup;
			children = (
				3338D2F41E4C68ED00117E4D /* InspectorContainerView.h */,
				3338D2F51E4C68ED00117E4D /* InspectorContainerView.m */,
				3338D2F71E4C6B9E00117E4D /* LeakFirstView.h */,
				3338D2F81E4C6B9E00117E4D /* LeakFirstView.m */,
				3338D2FA1E4C6BBD00117E4D /* LeakSecondView.h */,
				3338D2FB1E4C6BBD00117E4D /* LeakSecondView.m */,
				3338D2FD1E4C6D6900117E4D /* LeakThirdView.h */,
				3338D2FE1E4C6D6900117E4D /* LeakThirdView.m */,
				3338D3001E4C6F0300117E4D /* LeakFourView.h */,
				3338D3011E4C6F0300117E4D /* LeakFourView.m */,
			);
			name = View;
			sourceTree = "<group>";
		};
		333A23261EEA99B8007C92EF /* 年华收益计算器 */ = {
			isa = PBXGroup;
			children = (
				333A23271EEA9A88007C92EF /* IncomeRateCalculatorController.swift */,
			);
			path = "年华收益计算器";
			sourceTree = "<group>";
		};
		33403F311E4D5ED700B48DFB /* MethodSwizzling */ = {
			isa = PBXGroup;
			children = (
				33403F321E4D5EFE00B48DFB /* SwizzlingViewController.h */,
				33403F331E4D5EFE00B48DFB /* SwizzlingViewController.m */,
				33403F381E4D5FEF00B48DFB /* SwizzlingSonViewController.h */,
				33403F391E4D5FEF00B48DFB /* SwizzlingSonViewController.m */,
				33318E361E84EFAD00270478 /* UIViewController+Swizzling.h */,
				33318E371E84EFAD00270478 /* UIViewController+Swizzling.m */,
				33403F351E4D5F8800B48DFB /* UIViewController+Tracking.h */,
				33403F361E4D5F8800B48DFB /* UIViewController+Tracking.m */,
				330CB8681E83B2510098664D /* UIView+Tracking.h */,
				330CB8691E83B2510098664D /* UIView+Tracking.m */,
				330CB86B1E83B50F0098664D /* SwizzlingView.h */,
				330CB86C1E83B50F0098664D /* SwizzlingView.m */,
				33318E391E84F4AD00270478 /* BaseViewController.h */,
				33318E3A1E84F4AD00270478 /* BaseViewController.m */,
			);
			path = MethodSwizzling;
			sourceTree = "<group>";
		};
		3342EFD31E1E72620070FA08 /* AES */ = {
			isa = PBXGroup;
			children = (
				3342EFD41E1E72620070FA08 /* AES128Util.h */,
				3342EFD51E1E72620070FA08 /* AES128Util.m */,
			);
			path = AES;
			sourceTree = "<group>";
		};
		3342EFD71E1E743B0070FA08 /* RSA */ = {
			isa = PBXGroup;
			children = (
				3342EFDF1E1E7D2E0070FA08 /* rsa_private_key.pem */,
				3342EFDD1E1E7BA90070FA08 /* rsa_public_key.der */,
				3342EFD81E1E743B0070FA08 /* public_key.der */,
				3342EFD91E1E743B0070FA08 /* RSAEncryptor.h */,
				3342EFDA1E1E743B0070FA08 /* RSAEncryptor.m */,
			);
			path = RSA;
			sourceTree = "<group>";
		};
		334A9B421E14D708008969E4 /* TestBundle */ = {
			isa = PBXGroup;
			children = (
				334A9B431E14D736008969E4 /* TestOfBundleController.h */,
				334A9B441E14D736008969E4 /* TestOfBundleController.m */,
				334A9B451E14D736008969E4 /* TestOfBundleController.xib */,
				334A9B481E14D77A008969E4 /* image.bundle */,
			);
			name = TestBundle;
			sourceTree = "<group>";
		};
		334AA5BD1D45AE9C00549690 /* ThreeDTransform */ = {
			isa = PBXGroup;
			children = (
				335A174C1D43702F00B5A5BC /* ThreeDTransformController.h */,
				335A174D1D43702F00B5A5BC /* ThreeDTransformController.m */,
				335A174E1D43702F00B5A5BC /* ThreeDTransformController.xib */,
			);
			name = ThreeDTransform;
			sourceTree = "<group>";
		};
		334AA5BF1D45AED600549690 /* CABaseAnimation */ = {
			isa = PBXGroup;
			children = (
				334AA5C01D45AF0A00549690 /* CABaseViewController.h */,
				334AA5C11D45AF0A00549690 /* CABaseViewController.m */,
				334AA5C21D45AF0A00549690 /* CABaseViewController.xib */,
			);
			name = CABaseAnimation;
			sourceTree = "<group>";
		};
		334AA5C51D460CBE00549690 /* CAShapeLayer */ = {
			isa = PBXGroup;
			children = (
				334AA5C61D460CE700549690 /* CAShapeLayerController.h */,
				334AA5C71D460CE700549690 /* CAShapeLayerController.m */,
				334AA5C81D460CE700549690 /* CAShapeLayerController.xib */,
			);
			name = CAShapeLayer;
			sourceTree = "<group>";
		};
		33506DB71E5EAA4F006B1909 /* IOSFontIterator */ = {
			isa = PBXGroup;
			children = (
				33506DB81E5EAA4F006B1909 /* IOSFontViewController.swift */,
			);
			path = IOSFontIterator;
			sourceTree = "<group>";
		};
		335A17041D4315E100B5A5BC = {
			isa = PBXGroup;
			children = (
				335A17451D43170000B5A5BC /* Scene */,
				335A170F1D4315E100B5A5BC /* CAAdvancedTech */,
				335A17291D4315E100B5A5BC /* CAAdvancedTechTests */,
				335A17341D4315E100B5A5BC /* CAAdvancedTechUITests */,
				335A170E1D4315E100B5A5BC /* Products */,
				337738481E24B5F800CDC835 /* Frameworks */,
			);
			sourceTree = "<group>";
		};
		335A170E1D4315E100B5A5BC /* Products */ = {
			isa = PBXGroup;
			children = (
				335A170D1D4315E100B5A5BC /* CAAdvancedTech.app */,
				335A17261D4315E100B5A5BC /* CAAdvancedTechTests.xctest */,
				335A17311D4315E100B5A5BC /* CAAdvancedTechUITests.xctest */,
			);
			name = Products;
			sourceTree = "<group>";
		};
		335A170F1D4315E100B5A5BC /* CAAdvancedTech */ = {
			isa = PBXGroup;
			children = (
				33877E4B1E545D0400194936 /* CAAdvancedTech-Bridging-Header.h */,
				335A17131D4315E100B5A5BC /* AppDelegate.h */,
				335A17141D4315E100B5A5BC /* AppDelegate.m */,
				335A17461D43176200B5A5BC /* StartTableViewController.h */,
				335A17471D43176200B5A5BC /* StartTableViewController.m */,
				335A17191D4315E100B5A5BC /* Main.storyboard */,
				335A171C1D4315E100B5A5BC /* Assets.xcassets */,
				335A171E1D4315E100B5A5BC /* LaunchScreen.storyboard */,
				33FECEC11E57F9CC000E26AD /* CAAdvancedTech.pch */,
				335A17211D4315E100B5A5BC /* Info.plist */,
				335A17101D4315E100B5A5BC /* Supporting Files */,
			);
			path = CAAdvancedTech;
			sourceTree = "<group>";
		};
		335A17101D4315E100B5A5BC /* Supporting Files */ = {
			isa = PBXGroup;
			children = (
				335A17111D4315E100B5A5BC /* main.m */,
			);
			name = "Supporting Files";
			sourceTree = "<group>";
		};
		335A17291D4315E100B5A5BC /* CAAdvancedTechTests */ = {
			isa = PBXGroup;
			children = (
				335A172A1D4315E100B5A5BC /* CAAdvancedTechTests.m */,
				335A172C1D4315E100B5A5BC /* Info.plist */,
			);
			path = CAAdvancedTechTests;
			sourceTree = "<group>";
		};
		335A17341D4315E100B5A5BC /* CAAdvancedTechUITests */ = {
			isa = PBXGroup;
			children = (
				335A17351D4315E100B5A5BC /* CAAdvancedTechUITests.m */,
				335A17371D4315E100B5A5BC /* Info.plist */,
			);
			path = CAAdvancedTechUITests;
			sourceTree = "<group>";
		};
		335A17451D43170000B5A5BC /* Scene */ = {
			isa = PBXGroup;
			children = (
				333A23261EEA99B8007C92EF /* 年华收益计算器 */,
				33FD92001EE801C700BB8166 /* CLLocation */,
				3375E47C1E89FC1F001D58E8 /* SwiftBase */,
				3375E4771E89F7D0001D58E8 /* ConfigurationPlist */,
				33506DB71E5EAA4F006B1909 /* IOSFontIterator */,
				33FECEBB1E57F79C000E26AD /* ElevatorControlCenter */,
				33877E441E54591D00194936 /* Test */,
				33403F311E4D5ED700B48DFB /* MethodSwizzling */,
				3338D2EE1E4C67BA00117E4D /* MLeaksInspector */,
				33699FA21E24AA9700C6F12E /* RongYunIM */,
				332204B81E1E3D6A00A40248 /* AES128_RSA */,
				334A9B421E14D708008969E4 /* TestBundle */,
				334AA5C51D460CBE00549690 /* CAShapeLayer */,
				334AA5BF1D45AED600549690 /* CABaseAnimation */,
				334AA5BD1D45AE9C00549690 /* ThreeDTransform */,
			);
			path = Scene;
			sourceTree = "<group>";
		};
		33699FA21E24AA9700C6F12E /* RongYunIM */ = {
			isa = PBXGroup;
			children = (
				337738361E24B54F00CDC835 /* IMKit */,
				3377383D1E24B54F00CDC835 /* IMLib */,
				337738861E2622FF00CDC835 /* Message */,
				337738821E26094400CDC835 /* View */,
				337738791E24BBBE00CDC835 /* ContactsController.h */,
				3377387A1E24BBBE00CDC835 /* ContactsController.m */,
				33699FA31E24AABE00C6F12E /* ChatController.h */,
				33699FA41E24AABE00C6F12E /* ChatController.m */,
			);
			path = RongYunIM;
			sourceTree = "<group>";
		};
		3375E4771E89F7D0001D58E8 /* ConfigurationPlist */ = {
			isa = PBXGroup;
			children = (
				3375E4781E89F7FE001D58E8 /* ConfigurationPlistController.swift */,
				3375E47A1E89F997001D58E8 /* GlobalConfigList.plist */,
				3375E4811E8CE98E001D58E8 /* PlistManager.swift */,
			);
			path = ConfigurationPlist;
			sourceTree = "<group>";
		};
		3375E47C1E89FC1F001D58E8 /* SwiftBase */ = {
			isa = PBXGroup;
			children = (
				3375E47D1E89FC34001D58E8 /* SwiftBaseViewController.swift */,
				3375E47F1E8A1824001D58E8 /* String+Extension.swift */,
			);
			path = SwiftBase;
			sourceTree = "<group>";
		};
		337738361E24B54F00CDC835 /* IMKit */ = {
			isa = PBXGroup;
			children = (
				337738371E24B54F00CDC835 /* Emoji.plist */,
				337738381E24B54F00CDC835 /* RongCloudKit.strings */,
				3377383A1E24B54F00CDC835 /* RongCloud.bundle */,
				3377383B1E24B54F00CDC835 /* RongIMKit.framework */,
			);
			path = IMKit;
			sourceTree = "<group>";
		};
		3377383D1E24B54F00CDC835 /* IMLib */ = {
			isa = PBXGroup;
			children = (
				3377383E1E24B54F00CDC835 /* libopencore-amrnb.a */,
				3377383F1E24B54F00CDC835 /* RCConfig.plist */,
				337738401E24B54F00CDC835 /* RongIMLib.framework */,
			);
			path = IMLib;
			sourceTree = "<group>";
		};
		337738481E24B5F800CDC835 /* Frameworks */ = {
			isa = PBXGroup;
			children = (
				337738771E24B6E500CDC835 /* SafariServices.framework */,
				337738751E24B6DB00CDC835 /* Photos.framework */,
				337738731E24B6D000CDC835 /* UIKit.framework */,
				337738711E24B6C600CDC835 /* SystemConfiguration.framework */,
				3377386F1E24B6BE00CDC835 /* QuartzCore.framework */,
				3377386D1E24B6B500CDC835 /* OpenGLES.framework */,
				3377386B1E24B6AD00CDC835 /* MapKit.framework */,
				337738691E24B6A500CDC835 /* libz.tbd */,
				337738671E24B69C00CDC835 /* libxml2.tbd */,
				337738651E24B69300CDC835 /* libstdc++.tbd */,
				337738631E24B68800CDC835 /* libsqlite3.tbd */,
				337738611E24B67F00CDC835 /* libc++abi.tbd */,
				3377385F1E24B66000CDC835 /* libc++.tbd */,
				3377385D1E24B65300CDC835 /* ImageIO.framework */,
				3377385B1E24B64B00CDC835 /* CoreVideo.framework */,
				337738591E24B64200CDC835 /* CoreTelephony.framework */,
				337738571E24B63B00CDC835 /* CoreMedia.framework */,
				337738551E24B63200CDC835 /* CoreLocation.framework */,
				337738531E24B62900CDC835 /* CoreGraphics.framework */,
				337738511E24B62000CDC835 /* CoreAudio.framework */,
				3377384F1E24B61600CDC835 /* CFNetwork.framework */,
				3377384D1E24B60C00CDC835 /* AVFoundation.framework */,
				3377384B1E24B60100CDC835 /* AudioToolbox.framework */,
				337738491E24B5F800CDC835 /* AssetsLibrary.framework */,
			);
			name = Frameworks;
			sourceTree = "<group>";
		};
		337738821E26094400CDC835 /* View */ = {
			isa = PBXGroup;
			children = (
				3377388A1E2624B000CDC835 /* SimpleMessageCell.h */,
				3377388B1E2624B000CDC835 /* SimpleMessageCell.m */,
			);
			path = View;
			sourceTree = "<group>";
		};
		337738861E2622FF00CDC835 /* Message */ = {
			isa = PBXGroup;
			children = (
				337738871E26232F00CDC835 /* SimpleMessage.h */,
				337738881E26232F00CDC835 /* SimpleMessage.m */,
			);
			path = Message;
			sourceTree = "<group>";
		};
		33877E441E54591D00194936 /* Test */ = {
			isa = PBXGroup;
			children = (
				33877E451E54591D00194936 /* FirstViewController.h */,
				33877E461E54591D00194936 /* FirstViewController.m */,
				33877E491E545ABC00194936 /* FistSwiftViewController.swift */,
			);
			path = Test;
			sourceTree = "<group>";
		};
		33FD92001EE801C700BB8166 /* CLLocation */ = {
			isa = PBXGroup;
			children = (
				33FD92011EE801EB00BB8166 /* TCLLocationController.swift */,
			);
			path = CLLocation;
			sourceTree = "<group>";
		};
		33FECEBB1E57F79C000E26AD /* ElevatorControlCenter */ = {
			isa = PBXGroup;
			children = (
				33FECEBC1E57F7D1000E26AD /* Controller */,
				33FECEBD1E57F7D1000E26AD /* Model */,
				33FECEBE1E57F7D1000E26AD /* View */,
			);
			path = ElevatorControlCenter;
			sourceTree = "<group>";
		};
		33FECEBC1E57F7D1000E26AD /* Controller */ = {
			isa = PBXGroup;
			children = (
				33FECEC21E5810E5000E26AD /* ElevatorControlCenterController.swift */,
				33FECEC31E5810E5000E26AD /* ElevatorControlCenterController.xib */,
			);
			path = Controller;
			sourceTree = "<group>";
		};
		33FECEBD1E57F7D1000E26AD /* Model */ = {
			isa = PBXGroup;
			children = (
			);
			path = Model;
			sourceTree = "<group>";
		};
		33FECEBE1E57F7D1000E26AD /* View */ = {
			isa = PBXGroup;
			children = (
			);
			path = View;
			sourceTree = "<group>";
		};
/* End PBXGroup section */

/* Begin PBXNativeTarget section */
		335A170C1D4315E100B5A5BC /* CAAdvancedTech */ = {
			isa = PBXNativeTarget;
			buildConfigurationList = 335A173A1D4315E100B5A5BC /* Build configuration list for PBXNativeTarget "CAAdvancedTech" */;
			buildPhases = (
				335A17091D4315E100B5A5BC /* Sources */,
				335A170A1D4315E100B5A5BC /* Frameworks */,
				335A170B1D4315E100B5A5BC /* Resources */,
			);
			buildRules = (
			);
			dependencies = (
			);
			name = CAAdvancedTech;
			productName = CAAdvancedTech;
			productReference = 335A170D1D4315E100B5A5BC /* CAAdvancedTech.app */;
			productType = "com.apple.product-type.application";
		};
		335A17251D4315E100B5A5BC /* CAAdvancedTechTests */ = {
			isa = PBXNativeTarget;
			buildConfigurationList = 335A173D1D4315E100B5A5BC /* Build configuration list for PBXNativeTarget "CAAdvancedTechTests" */;
			buildPhases = (
				335A17221D4315E100B5A5BC /* Sources */,
				335A17231D4315E100B5A5BC /* Frameworks */,
				335A17241D4315E100B5A5BC /* Resources */,
			);
			buildRules = (
			);
			dependencies = (
				335A17281D4315E100B5A5BC /* PBXTargetDependency */,
			);
			name = CAAdvancedTechTests;
			productName = CAAdvancedTechTests;
			productReference = 335A17261D4315E100B5A5BC /* CAAdvancedTechTests.xctest */;
			productType = "com.apple.product-type.bundle.unit-test";
		};
		335A17301D4315E100B5A5BC /* CAAdvancedTechUITests */ = {
			isa = PBXNativeTarget;
			buildConfigurationList = 335A17401D4315E100B5A5BC /* Build configuration list for PBXNativeTarget "CAAdvancedTechUITests" */;
			buildPhases = (
				335A172D1D4315E100B5A5BC /* Sources */,
				335A172E1D4315E100B5A5BC /* Frameworks */,
				335A172F1D4315E100B5A5BC /* Resources */,
			);
			buildRules = (
			);
			dependencies = (
				335A17331D4315E100B5A5BC /* PBXTargetDependency */,
			);
			name = CAAdvancedTechUITests;
			productName = CAAdvancedTechUITests;
			productReference = 335A17311D4315E100B5A5BC /* CAAdvancedTechUITests.xctest */;
			productType = "com.apple.product-type.bundle.ui-testing";
		};
/* End PBXNativeTarget section */

/* Begin PBXProject section */
		335A17051D4315E100B5A5BC /* Project object */ = {
			isa = PBXProject;
			attributes = {
				LastUpgradeCheck = 0730;
				ORGANIZATIONNAME = "pingjun lin";
				TargetAttributes = {
					335A170C1D4315E100B5A5BC = {
						CreatedOnToolsVersion = 7.3.1;
						DevelopmentTeam = P4Q3S6FX46;
						LastSwiftMigration = 0810;
					};
					335A17251D4315E100B5A5BC = {
						CreatedOnToolsVersion = 7.3.1;
						TestTargetID = 335A170C1D4315E100B5A5BC;
					};
					335A17301D4315E100B5A5BC = {
						CreatedOnToolsVersion = 7.3.1;
						TestTargetID = 335A170C1D4315E100B5A5BC;
					};
				};
			};
			buildConfigurationList = 335A17081D4315E100B5A5BC /* Build configuration list for PBXProject "CAAdvancedTech" */;
			compatibilityVersion = "Xcode 3.2";
			developmentRegion = English;
			hasScannedForEncodings = 0;
			knownRegions = (
				en,
				Base,
				"zh-Hans",
			);
			mainGroup = 335A17041D4315E100B5A5BC;
			productRefGroup = 335A170E1D4315E100B5A5BC /* Products */;
			projectDirPath = "";
			projectRoot = "";
			targets = (
				335A170C1D4315E100B5A5BC /* CAAdvancedTech */,
				335A17251D4315E100B5A5BC /* CAAdvancedTechTests */,
				335A17301D4315E100B5A5BC /* CAAdvancedTechUITests */,
			);
		};
/* End PBXProject section */

/* Begin PBXResourcesBuildPhase section */
		335A170B1D4315E100B5A5BC /* Resources */ = {
			isa = PBXResourcesBuildPhase;
			buildActionMask = 2147483647;
			files = (
				334A9B471E14D736008969E4 /* TestOfBundleController.xib in Resources */,
				337738411E24B54F00CDC835 /* Emoji.plist in Resources */,
				335A17201D4315E100B5A5BC /* LaunchScreen.storyboard in Resources */,
				337738461E24B54F00CDC835 /* RCConfig.plist in Resources */,
				33FECEC51E5810E5000E26AD /* ElevatorControlCenterController.xib in Resources */,
				334AA5CA1D460CE700549690 /* CAShapeLayerController.xib in Resources */,
				334AA5C41D45AF0A00549690 /* CABaseViewController.xib in Resources */,
				3342EFDE1E1E7BA90070FA08 /* rsa_public_key.der in Resources */,
				3342EFDB1E1E743B0070FA08 /* public_key.der in Resources */,
				3375E47B1E89F997001D58E8 /* GlobalConfigList.plist in Resources */,
				335A171D1D4315E100B5A5BC /* Assets.xcassets in Resources */,
				337738431E24B54F00CDC835 /* RongCloud.bundle in Resources */,
				3342EFE01E1E7D2E0070FA08 /* rsa_private_key.pem in Resources */,
				337738421E24B54F00CDC835 /* RongCloudKit.strings in Resources */,
				335A17501D43702F00B5A5BC /* ThreeDTransformController.xib in Resources */,
				335A171B1D4315E100B5A5BC /* Main.storyboard in Resources */,
				334A9B491E14D77A008969E4 /* image.bundle in Resources */,
				332204C81E1E3F7800A40248 /* AESRSA128Controller.xib in Resources */,
			);
			runOnlyForDeploymentPostprocessing = 0;
		};
		335A17241D4315E100B5A5BC /* Resources */ = {
			isa = PBXResourcesBuildPhase;
			buildActionMask = 2147483647;
			files = (
			);
			runOnlyForDeploymentPostprocessing = 0;
		};
		335A172F1D4315E100B5A5BC /* Resources */ = {
			isa = PBXResourcesBuildPhase;
			buildActionMask = 2147483647;
			files = (
			);
			runOnlyForDeploymentPostprocessing = 0;
		};
/* End PBXResourcesBuildPhase section */

/* Begin PBXSourcesBuildPhase section */
		335A17091D4315E100B5A5BC /* Sources */ = {
			isa = PBXSourcesBuildPhase;
			buildActionMask = 2147483647;
			files = (
				335A17151D4315E100B5A5BC /* AppDelegate.m in Sources */,
				3338D2FF1E4C6D6900117E4D /* LeakThirdView.m in Sources */,
				332204C71E1E3F7800A40248 /* AESRSA128Controller.m in Sources */,
				334AA5C31D45AF0A00549690 /* CABaseViewController.m in Sources */,
				330CB86D1E83B50F0098664D /* SwizzlingView.m in Sources */,
				33403F3A1E4D5FEF00B48DFB /* SwizzlingSonViewController.m in Sources */,
				3338D2F91E4C6B9E00117E4D /* LeakFirstView.m in Sources */,
				335A17121D4315E100B5A5BC /* main.m in Sources */,
				3375E4801E8A1824001D58E8 /* String+Extension.swift in Sources */,
				33FECEC41E5810E5000E26AD /* ElevatorControlCenterController.swift in Sources */,
				33318E3B1E84F4AD00270478 /* BaseViewController.m in Sources */,
				33877E471E54591D00194936 /* FirstViewController.m in Sources */,
				3375E4821E8CE98E001D58E8 /* PlistManager.swift in Sources */,
				3375E47E1E89FC34001D58E8 /* SwiftBaseViewController.swift in Sources */,
				335A17481D43176200B5A5BC /* StartTableViewController.m in Sources */,
				3342EFDC1E1E743B0070FA08 /* RSAEncryptor.m in Sources */,
				33403F341E4D5EFE00B48DFB /* SwizzlingViewController.m in Sources */,
				3342EFD61E1E72620070FA08 /* AES128Util.m in Sources */,
				3375E4791E89F7FE001D58E8 /* ConfigurationPlistController.swift in Sources */,
				334AA5C91D460CE700549690 /* CAShapeLayerController.m in Sources */,
				333A23281EEA9A88007C92EF /* IncomeRateCalculatorController.swift in Sources */,
				337738891E26232F00CDC835 /* SimpleMessage.m in Sources */,
				3377387B1E24BBBE00CDC835 /* ContactsController.m in Sources */,
				335A174F1D43702F00B5A5BC /* ThreeDTransformController.m in Sources */,
				33877E4A1E545ABC00194936 /* FistSwiftViewController.swift in Sources */,
				332204C21E1E3D6A00A40248 /* GTMBase64.m in Sources */,
				334A9B461E14D736008969E4 /* TestOfBundleController.m in Sources */,
				3338D2F11E4C67F500117E4D /* LeakInspectorViewController.m in Sources */,
				33318E381E84EFAD00270478 /* UIViewController+Swizzling.m in Sources */,
				33FD92021EE801EB00BB8166 /* TCLLocationController.swift in Sources */,
				33403F371E4D5F8800B48DFB /* UIViewController+Tracking.m in Sources */,
				3338D2FC1E4C6BBD00117E4D /* LeakSecondView.m in Sources */,
				33506DB91E5EAA4F006B1909 /* IOSFontViewController.swift in Sources */,
				330CB86A1E83B2510098664D /* UIView+Tracking.m in Sources */,
				3338D3021E4C6F0300117E4D /* LeakFourView.m in Sources */,
				3338D2F61E4C68ED00117E4D /* InspectorContainerView.m in Sources */,
				33699FA51E24AABE00C6F12E /* ChatController.m in Sources */,
				3377388C1E2624B000CDC835 /* SimpleMessageCell.m in Sources */,
			);
			runOnlyForDeploymentPostprocessing = 0;
		};
		335A17221D4315E100B5A5BC /* Sources */ = {
			isa = PBXSourcesBuildPhase;
			buildActionMask = 2147483647;
			files = (
				335A172B1D4315E100B5A5BC /* CAAdvancedTechTests.m in Sources */,
			);
			runOnlyForDeploymentPostprocessing = 0;
		};
		335A172D1D4315E100B5A5BC /* Sources */ = {
			isa = PBXSourcesBuildPhase;
			buildActionMask = 2147483647;
			files = (
				335A17361D4315E100B5A5BC /* CAAdvancedTechUITests.m in Sources */,
			);
			runOnlyForDeploymentPostprocessing = 0;
		};
/* End PBXSourcesBuildPhase section */

/* Begin PBXTargetDependency section */
		335A17281D4315E100B5A5BC /* PBXTargetDependency */ = {
			isa = PBXTargetDependency;
			target = 335A170C1D4315E100B5A5BC /* CAAdvancedTech */;
			targetProxy = 335A17271D4315E100B5A5BC /* PBXContainerItemProxy */;
		};
		335A17331D4315E100B5A5BC /* PBXTargetDependency */ = {
			isa = PBXTargetDependency;
			target = 335A170C1D4315E100B5A5BC /* CAAdvancedTech */;
			targetProxy = 335A17321D4315E100B5A5BC /* PBXContainerItemProxy */;
		};
/* End PBXTargetDependency section */

/* Begin PBXVariantGroup section */
		335A17191D4315E100B5A5BC /* Main.storyboard */ = {
			isa = PBXVariantGroup;
			children = (
				335A171A1D4315E100B5A5BC /* Base */,
			);
			name = Main.storyboard;
			sourceTree = "<group>";
		};
		335A171E1D4315E100B5A5BC /* LaunchScreen.storyboard */ = {
			isa = PBXVariantGroup;
			children = (
				335A171F1D4315E100B5A5BC /* Base */,
			);
			name = LaunchScreen.storyboard;
			sourceTree = "<group>";
		};
		337738381E24B54F00CDC835 /* RongCloudKit.strings */ = {
			isa = PBXVariantGroup;
			children = (
				337738391E24B54F00CDC835 /* en */,
				3377383C1E24B54F00CDC835 /* zh-Hans */,
			);
			name = RongCloudKit.strings;
			sourceTree = "<group>";
		};
/* End PBXVariantGroup section */

/* Begin XCBuildConfiguration section */
		335A17381D4315E100B5A5BC /* Debug */ = {
			isa = XCBuildConfiguration;
			buildSettings = {
				ALWAYS_SEARCH_USER_PATHS = NO;
				CLANG_ANALYZER_NONNULL = YES;
				CLANG_CXX_LANGUAGE_STANDARD = "gnu++0x";
				CLANG_CXX_LIBRARY = "libc++";
				CLANG_ENABLE_MODULES = YES;
				CLANG_ENABLE_OBJC_ARC = YES;
				CLANG_WARN_BOOL_CONVERSION = YES;
				CLANG_WARN_CONSTANT_CONVERSION = YES;
				CLANG_WARN_DIRECT_OBJC_ISA_USAGE = YES_ERROR;
				CLANG_WARN_EMPTY_BODY = YES;
				CLANG_WARN_ENUM_CONVERSION = YES;
				CLANG_WARN_INT_CONVERSION = YES;
				CLANG_WARN_OBJC_ROOT_CLASS = YES_ERROR;
				CLANG_WARN_UNREACHABLE_CODE = YES;
				CLANG_WARN__DUPLICATE_METHOD_MATCH = YES;
				"CODE_SIGN_IDENTITY[sdk=iphoneos*]" = "iPhone Developer";
				COPY_PHASE_STRIP = NO;
				DEBUG_INFORMATION_FORMAT = dwarf;
				ENABLE_STRICT_OBJC_MSGSEND = YES;
				ENABLE_TESTABILITY = YES;
				GCC_C_LANGUAGE_STANDARD = gnu99;
				GCC_DYNAMIC_NO_PIC = NO;
				GCC_NO_COMMON_BLOCKS = YES;
				GCC_OPTIMIZATION_LEVEL = 0;
				GCC_PREPROCESSOR_DEFINITIONS = (
					"DEBUG=1",
					"$(inherited)",
				);
				GCC_WARN_64_TO_32_BIT_CONVERSION = YES;
				GCC_WARN_ABOUT_RETURN_TYPE = YES_ERROR;
				GCC_WARN_UNDECLARED_SELECTOR = YES;
				GCC_WARN_UNINITIALIZED_AUTOS = YES_AGGRESSIVE;
				GCC_WARN_UNUSED_FUNCTION = YES;
				GCC_WARN_UNUSED_VARIABLE = YES;
				IPHONEOS_DEPLOYMENT_TARGET = 9.3;
				MTL_ENABLE_DEBUG_INFO = YES;
				ONLY_ACTIVE_ARCH = YES;
				SDKROOT = iphoneos;
				TARGETED_DEVICE_FAMILY = "1,2";
			};
			name = Debug;
		};
		335A17391D4315E100B5A5BC /* Release */ = {
			isa = XCBuildConfiguration;
			buildSettings = {
				ALWAYS_SEARCH_USER_PATHS = NO;
				CLANG_ANALYZER_NONNULL = YES;
				CLANG_CXX_LANGUAGE_STANDARD = "gnu++0x";
				CLANG_CXX_LIBRARY = "libc++";
				CLANG_ENABLE_MODULES = YES;
				CLANG_ENABLE_OBJC_ARC = YES;
				CLANG_WARN_BOOL_CONVERSION = YES;
				CLANG_WARN_CONSTANT_CONVERSION = YES;
				CLANG_WARN_DIRECT_OBJC_ISA_USAGE = YES_ERROR;
				CLANG_WARN_EMPTY_BODY = YES;
				CLANG_WARN_ENUM_CONVERSION = YES;
				CLANG_WARN_INT_CONVERSION = YES;
				CLANG_WARN_OBJC_ROOT_CLASS = YES_ERROR;
				CLANG_WARN_UNREACHABLE_CODE = YES;
				CLANG_WARN__DUPLICATE_METHOD_MATCH = YES;
				"CODE_SIGN_IDENTITY[sdk=iphoneos*]" = "iPhone Developer";
				COPY_PHASE_STRIP = NO;
				DEBUG_INFORMATION_FORMAT = "dwarf-with-dsym";
				ENABLE_NS_ASSERTIONS = NO;
				ENABLE_STRICT_OBJC_MSGSEND = YES;
				GCC_C_LANGUAGE_STANDARD = gnu99;
				GCC_NO_COMMON_BLOCKS = YES;
				GCC_WARN_64_TO_32_BIT_CONVERSION = YES;
				GCC_WARN_ABOUT_RETURN_TYPE = YES_ERROR;
				GCC_WARN_UNDECLARED_SELECTOR = YES;
				GCC_WARN_UNINITIALIZED_AUTOS = YES_AGGRESSIVE;
				GCC_WARN_UNUSED_FUNCTION = YES;
				GCC_WARN_UNUSED_VARIABLE = YES;
				IPHONEOS_DEPLOYMENT_TARGET = 9.3;
				MTL_ENABLE_DEBUG_INFO = NO;
				SDKROOT = iphoneos;
				TARGETED_DEVICE_FAMILY = "1,2";
				VALIDATE_PRODUCT = YES;
			};
			name = Release;
		};
		335A173B1D4315E100B5A5BC /* Debug */ = {
			isa = XCBuildConfiguration;
			buildSettings = {
				ASSETCATALOG_COMPILER_APPICON_NAME = AppIcon;
				CLANG_ENABLE_MODULES = YES;
				CODE_SIGN_IDENTITY = "iPhone Developer";
				"CODE_SIGN_IDENTITY[sdk=iphoneos*]" = "iPhone Developer";
				FRAMEWORK_SEARCH_PATHS = (
					"$(inherited)",
					"$(PROJECT_DIR)/Scene/RongYunIM/IMKit",
					"$(PROJECT_DIR)/Scene/RongYunIM/IMLib",
				);
				GCC_PRECOMPILE_PREFIX_HEADER = YES;
				GCC_PREFIX_HEADER = "$(SRCROOT)/CAAdvancedTech/CAAdvancedTech.pch";
				INFOPLIST_FILE = CAAdvancedTech/Info.plist;
				IPHONEOS_DEPLOYMENT_TARGET = 8.0;
				LD_RUNPATH_SEARCH_PATHS = "$(inherited) @executable_path/Frameworks";
				LIBRARY_SEARCH_PATHS = (
					"$(inherited)",
					"$(PROJECT_DIR)/Scene/RongYunIM/IMLib",
				);
				OTHER_LDFLAGS = "-ObjC";
				PRODUCT_BUNDLE_IDENTIFIER = YiRunYuan.CAAdvancedTech;
				PRODUCT_NAME = "$(TARGET_NAME)";
				PROVISIONING_PROFILE = "";
				SWIFT_OBJC_BRIDGING_HEADER = "CAAdvancedTech/CAAdvancedTech-Bridging-Header.h";
				SWIFT_OPTIMIZATION_LEVEL = "-Onone";
				SWIFT_VERSION = 3.0;
			};
			name = Debug;
		};
		335A173C1D4315E100B5A5BC /* Release */ = {
			isa = XCBuildConfiguration;
			buildSettings = {
				ASSETCATALOG_COMPILER_APPICON_NAME = AppIcon;
				CLANG_ENABLE_MODULES = YES;
				CODE_SIGN_IDENTITY = "iPhone Developer";
				"CODE_SIGN_IDENTITY[sdk=iphoneos*]" = "iPhone Developer";
				FRAMEWORK_SEARCH_PATHS = (
					"$(inherited)",
					"$(PROJECT_DIR)/Scene/RongYunIM/IMKit",
					"$(PROJECT_DIR)/Scene/RongYunIM/IMLib",
				);
				GCC_PRECOMPILE_PREFIX_HEADER = YES;
				GCC_PREFIX_HEADER = "$(SRCROOT)/CAAdvancedTech/CAAdvancedTech.pch";
				INFOPLIST_FILE = CAAdvancedTech/Info.plist;
				IPHONEOS_DEPLOYMENT_TARGET = 8.0;
				LD_RUNPATH_SEARCH_PATHS = "$(inherited) @executable_path/Frameworks";
				LIBRARY_SEARCH_PATHS = (
					"$(inherited)",
					"$(PROJECT_DIR)/Scene/RongYunIM/IMLib",
				);
				OTHER_LDFLAGS = "-ObjC";
				PRODUCT_BUNDLE_IDENTIFIER = YiRunYuan.CAAdvancedTech;
				PRODUCT_NAME = "$(TARGET_NAME)";
				PROVISIONING_PROFILE = "";
				SWIFT_OBJC_BRIDGING_HEADER = "CAAdvancedTech/CAAdvancedTech-Bridging-Header.h";
				SWIFT_VERSION = 3.0;
			};
			name = Release;
		};
		335A173E1D4315E100B5A5BC /* Debug */ = {
			isa = XCBuildConfiguration;
			buildSettings = {
				ALWAYS_EMBED_SWIFT_STANDARD_LIBRARIES = YES;
				BUNDLE_LOADER = "$(TEST_HOST)";
				INFOPLIST_FILE = CAAdvancedTechTests/Info.plist;
				LD_RUNPATH_SEARCH_PATHS = "$(inherited) @executable_path/Frameworks @loader_path/Frameworks";
				PRODUCT_BUNDLE_IDENTIFIER = YiRunYuan.CAAdvancedTechTests;
				PRODUCT_NAME = "$(TARGET_NAME)";
				TEST_HOST = "$(BUILT_PRODUCTS_DIR)/CAAdvancedTech.app/CAAdvancedTech";
			};
			name = Debug;
		};
		335A173F1D4315E100B5A5BC /* Release */ = {
			isa = XCBuildConfiguration;
			buildSettings = {
				ALWAYS_EMBED_SWIFT_STANDARD_LIBRARIES = YES;
				BUNDLE_LOADER = "$(TEST_HOST)";
				INFOPLIST_FILE = CAAdvancedTechTests/Info.plist;
				LD_RUNPATH_SEARCH_PATHS = "$(inherited) @executable_path/Frameworks @loader_path/Frameworks";
				PRODUCT_BUNDLE_IDENTIFIER = YiRunYuan.CAAdvancedTechTests;
				PRODUCT_NAME = "$(TARGET_NAME)";
				TEST_HOST = "$(BUILT_PRODUCTS_DIR)/CAAdvancedTech.app/CAAdvancedTech";
			};
			name = Release;
		};
		335A17411D4315E100B5A5BC /* Debug */ = {
			isa = XCBuildConfiguration;
			buildSettings = {
				ALWAYS_EMBED_SWIFT_STANDARD_LIBRARIES = YES;
				INFOPLIST_FILE = CAAdvancedTechUITests/Info.plist;
				LD_RUNPATH_SEARCH_PATHS = "$(inherited) @executable_path/Frameworks @loader_path/Frameworks";
				PRODUCT_BUNDLE_IDENTIFIER = YiRunYuan.CAAdvancedTechUITests;
				PRODUCT_NAME = "$(TARGET_NAME)";
				TEST_TARGET_NAME = CAAdvancedTech;
			};
			name = Debug;
		};
		335A17421D4315E100B5A5BC /* Release */ = {
			isa = XCBuildConfiguration;
			buildSettings = {
				ALWAYS_EMBED_SWIFT_STANDARD_LIBRARIES = YES;
				INFOPLIST_FILE = CAAdvancedTechUITests/Info.plist;
				LD_RUNPATH_SEARCH_PATHS = "$(inherited) @executable_path/Frameworks @loader_path/Frameworks";
				PRODUCT_BUNDLE_IDENTIFIER = YiRunYuan.CAAdvancedTechUITests;
				PRODUCT_NAME = "$(TARGET_NAME)";
				TEST_TARGET_NAME = CAAdvancedTech;
			};
			name = Release;
		};
/* End XCBuildConfiguration section */

/* Begin XCConfigurationList section */
		335A17081D4315E100B5A5BC /* Build configuration list for PBXProject "CAAdvancedTech" */ = {
			isa = XCConfigurationList;
			buildConfigurations = (
				335A17381D4315E100B5A5BC /* Debug */,
				335A17391D4315E100B5A5BC /* Release */,
			);
			defaultConfigurationIsVisible = 0;
			defaultConfigurationName = Release;
		};
		335A173A1D4315E100B5A5BC /* Build configuration list for PBXNativeTarget "CAAdvancedTech" */ = {
			isa = XCConfigurationList;
			buildConfigurations = (
				335A173B1D4315E100B5A5BC /* Debug */,
				335A173C1D4315E100B5A5BC /* Release */,
			);
			defaultConfigurationIsVisible = 0;
			defaultConfigurationName = Release;
		};
		335A173D1D4315E100B5A5BC /* Build configuration list for PBXNativeTarget "CAAdvancedTechTests" */ = {
			isa = XCConfigurationList;
			buildConfigurations = (
				335A173E1D4315E100B5A5BC /* Debug */,
				335A173F1D4315E100B5A5BC /* Release */,
			);
			defaultConfigurationIsVisible = 0;
			defaultConfigurationName = Release;
		};
		335A17401D4315E100B5A5BC /* Build configuration list for PBXNativeTarget "CAAdvancedTechUITests" */ = {
			isa = XCConfigurationList;
			buildConfigurations = (
				335A17411D4315E100B5A5BC /* Debug */,
				335A17421D4315E100B5A5BC /* Release */,
			);
			defaultConfigurationIsVisible = 0;
			defaultConfigurationName = Release;
		};
/* End XCConfigurationList section */
	};
	rootObject = 335A17051D4315E100B5A5BC /* Project object */;
}
